
Microsoft Visual Studio Solution File, Format Version 12.00
# Visual Studio Version 17
VisualStudioVersion = 17.10.35004.147
MinimumVisualStudioVersion = 10.0.40219.1
Project("{FAE04EC0-301F-11D3-BF4B-00C04F79EFBC}") = "DruidsHarvest.API", "DruidsHarvest.API\DruidsHarvest.API.csproj", "{8FF30A94-5F81-48B6-8836-A6FED9A65809}"
EndProject
Global
	GlobalSection(SolutionConfigurationPlatforms) = preSolution
		Debug|Any CPU = Debug|Any CPU
		Release|Any CPU = Release|Any CPU
	EndGlobalSection
	GlobalSection(ProjectConfigurationPlatforms) = postSolution
		{8FF30A94-5F81-48B6-8836-A6FED9A65809}.Debug|Any CPU.ActiveCfg = Debug|Any CPU
		{8FF30A94-5F81-48B6-8836-A6FED9A65809}.Debug|Any CPU.Build.0 = Debug|Any CPU
		{8FF30A94-5F81-48B6-8836-A6FED9A65809}.Release|Any CPU.ActiveCfg = Release|Any CPU
		{8FF30A94-5F81-48B6-8836-A6FED9A65809}.Release|Any CPU.Build.0 = Release|Any CPU
	EndGlobalSection
	GlobalSection(SolutionProperties) = preSolution
		HideSolutionNode = FALSE
	EndGlobalSection
	GlobalSection(ExtensibilityGlobals) = postSolution
		SolutionGuid = {30E6001A-AB58-412C-BAD5-FA6E2FD192C5}
	EndGlobalSection
EndGlobal
